{
  "version": 4,
  "terraform_version": "1.9.8",
  "serial": 3,
  "lineage": "3aa2a530-711d-20ee-0681-409b5ced09b1",
  "outputs": {},
  "resources": [
    {
      "mode": "data",
      "type": "docker_image",
      "name": "jaeger",
      "provider": "provider[\"registry.terraform.io/kreuzwerker/docker\"]",
      "instances": [
        {
          "schema_version": 0,
          "attributes": {
            "id": "sha256:02f37b2c4907c2528dbe196d1787247d124baaa4f6813985ce068ee0c8b31b04",
            "name": "jaegertracing/jaeger:2.0.0",
            "repo_digest": "jaegertracing/jaeger@sha256:a8b67bcd92e24691d214d69ffc670dd80e8f0358495f75a6875e84c6fb8ecd11"
          },
          "sensitive_attributes": []
        }
      ]
    },
    {
      "mode": "managed",
      "type": "docker_container",
      "name": "jaeger",
      "provider": "provider[\"registry.terraform.io/kreuzwerker/docker\"]",
      "instances": [
        {
          "schema_version": 2,
          "attributes": {
            "attach": false,
            "bridge": "",
            "capabilities": [],
            "cgroupns_mode": null,
            "command": [],
            "container_logs": null,
            "container_read_refresh_timeout_milliseconds": 15000,
            "cpu_set": "",
            "cpu_shares": 0,
            "destroy_grace_seconds": null,
            "devices": [],
            "dns": null,
            "dns_opts": null,
            "dns_search": null,
            "domainname": "",
            "entrypoint": [
              "/cmd/jaeger/jaeger-linux"
            ],
            "env": [],
            "exit_code": null,
            "gpus": null,
            "group_add": null,
            "healthcheck": null,
            "host": [],
            "hostname": "8b767eec3c65",
            "id": "8b767eec3c65558bacecc539527b6f273a1fa556f3e192ce2229f5e91f7be01b",
            "image": "sha256:02f37b2c4907c2528dbe196d1787247d124baaa4f6813985ce068ee0c8b31b04",
            "init": false,
            "ipc_mode": "private",
            "labels": [],
            "log_driver": "json-file",
            "log_opts": null,
            "logs": false,
            "max_retry_count": 0,
            "memory": 0,
            "memory_swap": 0,
            "mounts": [],
            "must_run": true,
            "name": "fireball",
            "network_data": [
              {
                "gateway": "172.17.0.1",
                "global_ipv6_address": "",
                "global_ipv6_prefix_length": 0,
                "ip_address": "172.17.0.2",
                "ip_prefix_length": 16,
                "ipv6_gateway": "",
                "mac_address": "02:42:ac:11:00:02",
                "network_name": "bridge"
              }
            ],
            "network_mode": "default",
            "networks_advanced": [],
            "pid_mode": "",
            "ports": [
              {
                "external": 4317,
                "internal": 4317,
                "ip": "0.0.0.0",
                "protocol": "tcp"
              },
              {
                "external": 5778,
                "internal": 5778,
                "ip": "0.0.0.0",
                "protocol": "tcp"
              },
              {
                "external": 5779,
                "internal": 5779,
                "ip": "0.0.0.0",
                "protocol": "tcp"
              },
              {
                "external": 16685,
                "internal": 16685,
                "ip": "0.0.0.0",
                "protocol": "tcp"
              },
              {
                "external": 16686,
                "internal": 16686,
                "ip": "0.0.0.0",
                "protocol": "tcp"
              }
            ],
            "privileged": false,
            "publish_all_ports": false,
            "read_only": false,
            "remove_volumes": true,
            "restart": "no",
            "rm": false,
            "runtime": "runc",
            "security_opts": [],
            "shm_size": 64,
            "start": true,
            "stdin_open": false,
            "stop_signal": "",
            "stop_timeout": 0,
            "storage_opts": null,
            "sysctls": null,
            "tmpfs": null,
            "tty": false,
            "ulimit": [],
            "upload": [],
            "user": "10001",
            "userns_mode": "",
            "volumes": [
              {
                "container_path": "/etc/jaeger",
                "from_container": "",
                "host_path": "/Users/josh/code/jfhbrook/matanuska/tools/fireball/.fireball/etc/jaeger",
                "read_only": null,
                "volume_name": "jaeger-config"
              }
            ],
            "wait": false,
            "wait_timeout": 60,
            "working_dir": ""
          },
          "sensitive_attributes": [],
          "private": "eyJzY2hlbWFfdmVyc2lvbiI6IjIifQ==",
          "dependencies": [
            "data.docker_image.jaeger",
            "docker_volume.config"
          ]
        }
      ]
    },
    {
      "mode": "managed",
      "type": "docker_volume",
      "name": "config",
      "provider": "provider[\"registry.terraform.io/kreuzwerker/docker\"]",
      "instances": [
        {
          "schema_version": 1,
          "attributes": {
            "driver": "local",
            "driver_opts": null,
            "id": "jaeger-config",
            "labels": [],
            "mountpoint": "/var/lib/docker/volumes/jaeger-config/_data",
            "name": "jaeger-config"
          },
          "sensitive_attributes": [],
          "private": "eyJzY2hlbWFfdmVyc2lvbiI6IjEifQ=="
        }
      ]
    }
  ],
  "check_results": null
}
