# This file is automatically @generated by Cargo.
# It is not intended for manual editing.
version = 4

[[package]]
name = "bundle"
version = "1.0.0"
dependencies = [
 "static-include-bytes",
]

[[package]]
name = "static-include-bytes"
version = "2.0.0"
source = "registry+https://github.com/rust-lang/crates.io-index"
checksum = "110de7416712cc4aa5d5be913b9480fc9882911f93a73e6493726877b4b387d0"
